{
  "name": "project_found",
  "version": "1.0.0",
  "lockfileVersion": 1,
  "requires": true,
  "dependencies": {
    "typescript": {
      "version": "3.1.0-dev.20180804",
      "resolved": "https://registry.npmjs.org/typescript/-/typescript-3.1.0-dev.20180804.tgz",
      "integrity": "sha512-4R45oI/Jj/MDGlqFxzZTFgyASsBpEGOOQKsedPZQq9PfsIPFGA2WuSlU6riv5j/t8sDYsZhZjhw3BfP3ZOJD5g==",
      "dev": true
    }
  }
}
